// !$*UTF8*$!
{
	archiveVersion = 1;
	classes = {
	};
	objectVersion = 56;
	objects = {

/* Begin PBXBuildFile section */
		AA000001 /* EchoPOCApp.swift in Sources */ = {isa = PBXBuildFile; fileRef = AA000010 /* EchoPOCApp.swift */; };
		AA000002 /* ContentView.swift in Sources */ = {isa = PBXBuildFile; fileRef = AA000011 /* ContentView.swift */; };
		AA000003 /* SpeechManager.swift in Sources */ = {isa = PBXBuildFile; fileRef = AA000012 /* SpeechManager.swift */; };
		AA000004 /* Assets.xcassets in Resources */ = {isa = PBXBuildFile; fileRef = AA000013 /* Assets.xcassets */; };
		AA000005 /* VoiceSettingsView.swift in Sources */ = {isa = PBXBuildFile; fileRef = AA000015 /* VoiceSettingsView.swift */; };
		BB000001 /* TelegramConfig.swift in Sources */ = {isa = PBXBuildFile; fileRef = BB000010 /* TelegramConfig.swift */; };
		BB000002 /* TelegramService.swift in Sources */ = {isa = PBXBuildFile; fileRef = BB000011 /* TelegramService.swift */; };
		BB000003 /* TelegramAuthView.swift in Sources */ = {isa = PBXBuildFile; fileRef = BB000012 /* TelegramAuthView.swift */; };
		BB000004 /* ChatListView.swift in Sources */ = {isa = PBXBuildFile; fileRef = BB000013 /* ChatListView.swift */; };
		BB000005 /* WalkieTalkieView.swift in Sources */ = {isa = PBXBuildFile; fileRef = BB000014 /* WalkieTalkieView.swift */; };
		BB000006 /* TDLibKit in Frameworks */ = {isa = PBXBuildFile; productRef = BB000020 /* TDLibKit */; };
		DD000001 /* CloudflareAIService.swift in Sources */ = {isa = PBXBuildFile; fileRef = DD000010 /* CloudflareAIService.swift */; };
		EE000001 /* EdgeTTSService.swift in Sources */ = {isa = PBXBuildFile; fileRef = EE000010 /* EdgeTTSService.swift */; };
/* End PBXBuildFile section */

/* Begin PBXFileReference section */
		AA000010 /* EchoPOCApp.swift */ = {isa = PBXFileReference; lastKnownFileType = sourcecode.swift; path = EchoPOCApp.swift; sourceTree = "<group>"; };
		AA000011 /* ContentView.swift */ = {isa = PBXFileReference; lastKnownFileType = sourcecode.swift; path = ContentView.swift; sourceTree = "<group>"; };
		AA000012 /* SpeechManager.swift */ = {isa = PBXFileReference; lastKnownFileType = sourcecode.swift; path = SpeechManager.swift; sourceTree = "<group>"; };
		AA000013 /* Assets.xcassets */ = {isa = PBXFileReference; lastKnownFileType = folder.assetcatalog; path = Assets.xcassets; sourceTree = "<group>"; };
		AA000014 /* Info.plist */ = {isa = PBXFileReference; lastKnownFileType = text.plist.xml; path = Info.plist; sourceTree = "<group>"; };
		AA000015 /* VoiceSettingsView.swift */ = {isa = PBXFileReference; lastKnownFileType = sourcecode.swift; path = VoiceSettingsView.swift; sourceTree = "<group>"; };
		AA000020 /* EchoPOC.app */ = {isa = PBXFileReference; explicitFileType = wrapper.application; includeInIndex = 0; path = EchoPOC.app; sourceTree = BUILT_PRODUCTS_DIR; };
		BB000010 /* TelegramConfig.swift */ = {isa = PBXFileReference; lastKnownFileType = sourcecode.swift; path = TelegramConfig.swift; sourceTree = "<group>"; };
		BB000011 /* TelegramService.swift */ = {isa = PBXFileReference; lastKnownFileType = sourcecode.swift; path = TelegramService.swift; sourceTree = "<group>"; };
		BB000012 /* TelegramAuthView.swift */ = {isa = PBXFileReference; lastKnownFileType = sourcecode.swift; path = TelegramAuthView.swift; sourceTree = "<group>"; };
		BB000013 /* ChatListView.swift */ = {isa = PBXFileReference; lastKnownFileType = sourcecode.swift; path = ChatListView.swift; sourceTree = "<group>"; };
		BB000014 /* WalkieTalkieView.swift */ = {isa = PBXFileReference; lastKnownFileType = sourcecode.swift; path = WalkieTalkieView.swift; sourceTree = "<group>"; };
		DD000010 /* CloudflareAIService.swift */ = {isa = PBXFileReference; lastKnownFileType = sourcecode.swift; path = CloudflareAIService.swift; sourceTree = "<group>"; };
		EE000010 /* EdgeTTSService.swift */ = {isa = PBXFileReference; lastKnownFileType = sourcecode.swift; path = EdgeTTSService.swift; sourceTree = "<group>"; };
/* End PBXFileReference section */

/* Begin PBXFrameworksBuildPhase section */
		AA000030 /* Frameworks */ = {
			isa = PBXFrameworksBuildPhase;
			buildActionMask = 2147483647;
			files = (
				BB000006 /* TDLibKit in Frameworks */,
			);
			runOnlyForDeploymentPostprocessing = 0;
		};
/* End PBXFrameworksBuildPhase section */

/* Begin PBXGroup section */
		AA000040 = {
			isa = PBXGroup;
			children = (
				AA000041 /* EchoPOC */,
				AA000042 /* Products */,
			);
			sourceTree = "<group>";
		};
		AA000041 /* EchoPOC */ = {
			isa = PBXGroup;
			children = (
				AA000010 /* EchoPOCApp.swift */,
				AA000011 /* ContentView.swift */,
				AA000012 /* SpeechManager.swift */,
				AA000015 /* VoiceSettingsView.swift */,
				BB000010 /* TelegramConfig.swift */,
				BB000011 /* TelegramService.swift */,
				BB000012 /* TelegramAuthView.swift */,
				BB000013 /* ChatListView.swift */,
				BB000014 /* WalkieTalkieView.swift */,
				DD000010 /* CloudflareAIService.swift */,
				EE000010 /* EdgeTTSService.swift */,
				AA000013 /* Assets.xcassets */,
				AA000014 /* Info.plist */,
			);
			path = EchoPOC;
			sourceTree = "<group>";
		};
		AA000042 /* Products */ = {
			isa = PBXGroup;
			children = (
				AA000020 /* EchoPOC.app */,
			);
			name = Products;
			sourceTree = "<group>";
		};
/* End PBXGroup section */

/* Begin PBXNativeTarget section */
		AA000050 /* EchoPOC */ = {
			isa = PBXNativeTarget;
			buildConfigurationList = AA000070 /* Build configuration list for PBXNativeTarget "EchoPOC" */;
			buildPhases = (
				AA000060 /* Sources */,
				AA000030 /* Frameworks */,
				AA000061 /* Resources */,
			);
			buildRules = (
			);
			dependencies = (
			);
			name = EchoPOC;
			packageProductDependencies = (
				BB000020 /* TDLibKit */,
			);
			productName = EchoPOC;
			productReference = AA000020 /* EchoPOC.app */;
			productType = "com.apple.product-type.application";
		};
/* End PBXNativeTarget section */

/* Begin PBXProject section */
		AA000080 /* Project object */ = {
			isa = PBXProject;
			attributes = {
				BuildIndependentTargetsInParallel = 1;
				LastSwiftUpdateCheck = 1500;
				LastUpgradeCheck = 1500;
				TargetAttributes = {
					AA000050 = {
						CreatedOnToolsVersion = 15.0;
					};
				};
			};
			buildConfigurationList = AA000090 /* Build configuration list for PBXProject "EchoPOC" */;
			compatibilityVersion = "Xcode 14.0";
			developmentRegion = en;
			hasScannedForEncodings = 0;
			knownRegions = (
				en,
				Base,
			);
			mainGroup = AA000040;
			packageReferences = (
				BB000030 /* XCRemoteSwiftPackageReference "TDLibKit" */,
			);
			productRefGroup = AA000042 /* Products */;
			projectDirPath = "";
			projectRoot = "";
			targets = (
				AA000050 /* EchoPOC */,
			);
		};
/* End PBXProject section */

/* Begin PBXResourcesBuildPhase section */
		AA000061 /* Resources */ = {
			isa = PBXResourcesBuildPhase;
			buildActionMask = 2147483647;
			files = (
				AA000004 /* Assets.xcassets in Resources */,
			);
			runOnlyForDeploymentPostprocessing = 0;
		};
/* End PBXResourcesBuildPhase section */

/* Begin PBXSourcesBuildPhase section */
		AA000060 /* Sources */ = {
			isa = PBXSourcesBuildPhase;
			buildActionMask = 2147483647;
			files = (
				AA000001 /* EchoPOCApp.swift in Sources */,
				AA000002 /* ContentView.swift in Sources */,
				AA000003 /* SpeechManager.swift in Sources */,
				AA000005 /* VoiceSettingsView.swift in Sources */,
				BB000001 /* TelegramConfig.swift in Sources */,
				BB000002 /* TelegramService.swift in Sources */,
				BB000003 /* TelegramAuthView.swift in Sources */,
				BB000004 /* ChatListView.swift in Sources */,
				BB000005 /* WalkieTalkieView.swift in Sources */,
				DD000001 /* CloudflareAIService.swift in Sources */,
				EE000001 /* EdgeTTSService.swift in Sources */,
			);
			runOnlyForDeploymentPostprocessing = 0;
		};
/* End PBXSourcesBuildPhase section */

/* Begin XCBuildConfiguration section */
		AA0000A0 /* Debug */ = {
			isa = XCBuildConfiguration;
			buildSettings = {
				ALWAYS_SEARCH_USER_PATHS = NO;
				ASSETCATALOG_COMPILER_GENERATE_SWIFT_ASSET_SYMBOL_EXTENSIONS = YES;
				CLANG_ANALYZER_NONNULL = YES;
				CLANG_ANALYZER_NUMBER_OBJECT_CONVERSION = YES_AGGRESSIVE;
				CLANG_CXX_LANGUAGE_STANDARD = "gnu++20";
				CLANG_ENABLE_MODULES = YES;
				CLANG_ENABLE_OBJC_ARC = YES;
				CLANG_ENABLE_OBJC_WEAK = YES;
				CLANG_WARN_BLOCK_CAPTURE_AUTORELEASING = YES;
				CLANG_WARN_BOOL_CONVERSION = YES;
				CLANG_WARN_COMMA = YES;
				CLANG_WARN_CONSTANT_CONVERSION = YES;
				CLANG_WARN_DEPRECATED_OBJC_IMPLEMENTATIONS = YES;
				CLANG_WARN_DIRECT_OBJC_ISA_USAGE = YES_ERROR;
				CLANG_WARN_DOCUMENTATION_COMMENTS = YES;
				CLANG_WARN_EMPTY_BODY = YES;
				CLANG_WARN_ENUM_CONVERSION = YES;
				CLANG_WARN_INFINITE_RECURSION = YES;
				CLANG_WARN_INT_CONVERSION = YES;
				CLANG_WARN_NON_LITERAL_NULL_CONVERSION = YES;
				CLANG_WARN_OBJC_IMPLICIT_RETAIN_SELF = YES;
				CLANG_WARN_OBJC_LITERAL_CONVERSION = YES;
				CLANG_WARN_OBJC_ROOT_CLASS = YES_ERROR;
				CLANG_WARN_QUOTED_INCLUDE_IN_FRAMEWORK_HEADER = YES;
				CLANG_WARN_RANGE_LOOP_ANALYSIS = YES;
				CLANG_WARN_STRICT_PROTOTYPES = YES;
				CLANG_WARN_SUSPICIOUS_MOVE = YES;
				CLANG_WARN_UNGUARDED_AVAILABILITY = YES_AGGRESSIVE;
				CLANG_WARN_UNREACHABLE_CODE = YES;
				CLANG_WARN__DUPLICATE_METHOD_MATCH = YES;
				COPY_PHASE_STRIP = NO;
				DEBUG_INFORMATION_FORMAT = dwarf;
				ENABLE_STRICT_OBJC_MSGSEND = YES;
				ENABLE_TESTABILITY = YES;
				ENABLE_USER_SCRIPT_SANDBOXING = YES;
				GCC_C_LANGUAGE_STANDARD = gnu17;
				GCC_DYNAMIC_NO_PIC = NO;
				GCC_NO_COMMON_BLOCKS = YES;
				GCC_OPTIMIZATION_LEVEL = 0;
				GCC_PREPROCESSOR_DEFINITIONS = (
					"DEBUG=1",
					"$(inherited)",
				);
				GCC_WARN_64_TO_32_BIT_CONVERSION = YES;
				GCC_WARN_ABOUT_RETURN_TYPE = YES_ERROR;
				GCC_WARN_UNDECLARED_SELECTOR = YES;
				GCC_WARN_UNINITIALIZED_AUTOS = YES_AGGRESSIVE;
				GCC_WARN_UNUSED_FUNCTION = YES;
				GCC_WARN_UNUSED_VARIABLE = YES;
				IPHONEOS_DEPLOYMENT_TARGET = 26.0;
				MTL_ENABLE_DEBUG_INFO = INCLUDE_SOURCE;
				MTL_FAST_MATH = YES;
				ONLY_ACTIVE_ARCH = YES;
				SDKROOT = iphoneos;
				SWIFT_ACTIVE_COMPILATION_CONDITIONS = "DEBUG $(inherited)";
				SWIFT_OPTIMIZATION_LEVEL = "-Onone";
			};
			name = Debug;
		};
		AA0000A1 /* Release */ = {
			isa = XCBuildConfiguration;
			buildSettings = {
				ALWAYS_SEARCH_USER_PATHS = NO;
				ASSETCATALOG_COMPILER_GENERATE_SWIFT_ASSET_SYMBOL_EXTENSIONS = YES;
				CLANG_ANALYZER_NONNULL = YES;
				CLANG_ANALYZER_NUMBER_OBJECT_CONVERSION = YES_AGGRESSIVE;
				CLANG_CXX_LANGUAGE_STANDARD = "gnu++20";
				CLANG_ENABLE_MODULES = YES;
				CLANG_ENABLE_OBJC_ARC = YES;
				CLANG_ENABLE_OBJC_WEAK = YES;
				CLANG_WARN_BLOCK_CAPTURE_AUTORELEASING = YES;
				CLANG_WARN_BOOL_CONVERSION = YES;
				CLANG_WARN_COMMA = YES;
				CLANG_WARN_CONSTANT_CONVERSION = YES;
				CLANG_WARN_DEPRECATED_OBJC_IMPLEMENTATIONS = YES;
				CLANG_WARN_DIRECT_OBJC_ISA_USAGE = YES_ERROR;
				CLANG_WARN_DOCUMENTATION_COMMENTS = YES;
				CLANG_WARN_EMPTY_BODY = YES;
				CLANG_WARN_ENUM_CONVERSION = YES;
				CLANG_WARN_INFINITE_RECURSION = YES;
				CLANG_WARN_INT_CONVERSION = YES;
				CLANG_WARN_NON_LITERAL_NULL_CONVERSION = YES;
				CLANG_WARN_OBJC_IMPLICIT_RETAIN_SELF = YES;
				CLANG_WARN_OBJC_LITERAL_CONVERSION = YES;
				CLANG_WARN_OBJC_ROOT_CLASS = YES_ERROR;
				CLANG_WARN_QUOTED_INCLUDE_IN_FRAMEWORK_HEADER = YES;
				CLANG_WARN_RANGE_LOOP_ANALYSIS = YES;
				CLANG_WARN_STRICT_PROTOTYPES = YES;
				CLANG_WARN_SUSPICIOUS_MOVE = YES;
				CLANG_WARN_UNGUARDED_AVAILABILITY = YES_AGGRESSIVE;
				CLANG_WARN_UNREACHABLE_CODE = YES;
				CLANG_WARN__DUPLICATE_METHOD_MATCH = YES;
				COPY_PHASE_STRIP = NO;
				DEBUG_INFORMATION_FORMAT = "dwarf-with-dsym";
				ENABLE_NS_ASSERTIONS = NO;
				ENABLE_STRICT_OBJC_MSGSEND = YES;
				ENABLE_USER_SCRIPT_SANDBOXING = YES;
				GCC_C_LANGUAGE_STANDARD = gnu17;
				GCC_NO_COMMON_BLOCKS = YES;
				GCC_WARN_64_TO_32_BIT_CONVERSION = YES;
				GCC_WARN_ABOUT_RETURN_TYPE = YES_ERROR;
				GCC_WARN_UNDECLARED_SELECTOR = YES;
				GCC_WARN_UNINITIALIZED_AUTOS = YES_AGGRESSIVE;
				GCC_WARN_UNUSED_FUNCTION = YES;
				GCC_WARN_UNUSED_VARIABLE = YES;
				IPHONEOS_DEPLOYMENT_TARGET = 26.0;
				MTL_ENABLE_DEBUG_INFO = NO;
				MTL_FAST_MATH = YES;
				SDKROOT = iphoneos;
				SWIFT_COMPILATION_MODE = wholemodule;
				VALIDATE_PRODUCT = YES;
			};
			name = Release;
		};
		AA0000B0 /* Debug */ = {
			isa = XCBuildConfiguration;
			buildSettings = {
				ASSETCATALOG_COMPILER_APPICON_NAME = AppIcon;
				ASSETCATALOG_COMPILER_GLOBAL_ACCENT_COLOR_NAME = AccentColor;
				CODE_SIGN_STYLE = Automatic;
				CURRENT_PROJECT_VERSION = 1;
				DEVELOPMENT_TEAM = J37U7L93HG;
				GENERATE_INFOPLIST_FILE = YES;
				INFOPLIST_FILE = EchoPOC/Info.plist;
				INFOPLIST_KEY_NSMicrophoneUsageDescription = "EchoPOC needs microphone access to record your voice for speech-to-text.";
				INFOPLIST_KEY_NSSpeechRecognitionUsageDescription = "EchoPOC needs speech recognition to transcribe your voice in real time.";
				INFOPLIST_KEY_UIApplicationSceneManifest_Generation = YES;
				INFOPLIST_KEY_UIApplicationSupportsIndirectInputEvents = YES;
				INFOPLIST_KEY_UILaunchScreen_Generation = YES;
				INFOPLIST_KEY_UISupportedInterfaceOrientations_iPad = "UIInterfaceOrientationPortrait UIInterfaceOrientationPortraitUpsideDown UIInterfaceOrientationLandscapeLeft UIInterfaceOrientationLandscapeRight";
				INFOPLIST_KEY_UISupportedInterfaceOrientations_iPhone = "UIInterfaceOrientationPortrait UIInterfaceOrientationLandscapeLeft UIInterfaceOrientationLandscapeRight";
				LD_RUNPATH_SEARCH_PATHS = (
					"$(inherited)",
					"@executable_path/Frameworks",
				);
				MARKETING_VERSION = 1.0;
				PRODUCT_BUNDLE_IDENTIFIER = design.boringboring.echopoc;
				PRODUCT_NAME = "$(TARGET_NAME)";
				SWIFT_EMIT_LOC_STRINGS = YES;
				SWIFT_VERSION = 5.0;
				TARGETED_DEVICE_FAMILY = "1,2";
			};
			name = Debug;
		};
		AA0000B1 /* Release */ = {
			isa = XCBuildConfiguration;
			buildSettings = {
				ASSETCATALOG_COMPILER_APPICON_NAME = AppIcon;
				ASSETCATALOG_COMPILER_GLOBAL_ACCENT_COLOR_NAME = AccentColor;
				CODE_SIGN_STYLE = Automatic;
				CURRENT_PROJECT_VERSION = 1;
				DEVELOPMENT_TEAM = J37U7L93HG;
				GENERATE_INFOPLIST_FILE = YES;
				INFOPLIST_FILE = EchoPOC/Info.plist;
				INFOPLIST_KEY_NSMicrophoneUsageDescription = "EchoPOC needs microphone access to record your voice for speech-to-text.";
				INFOPLIST_KEY_NSSpeechRecognitionUsageDescription = "EchoPOC needs speech recognition to transcribe your voice in real time.";
				INFOPLIST_KEY_UIApplicationSceneManifest_Generation = YES;
				INFOPLIST_KEY_UIApplicationSupportsIndirectInputEvents = YES;
				INFOPLIST_KEY_UILaunchScreen_Generation = YES;
				INFOPLIST_KEY_UISupportedInterfaceOrientations_iPad = "UIInterfaceOrientationPortrait UIInterfaceOrientationPortraitUpsideDown UIInterfaceOrientationLandscapeLeft UIInterfaceOrientationLandscapeRight";
				INFOPLIST_KEY_UISupportedInterfaceOrientations_iPhone = "UIInterfaceOrientationPortrait UIInterfaceOrientationLandscapeLeft UIInterfaceOrientationLandscapeRight";
				LD_RUNPATH_SEARCH_PATHS = (
					"$(inherited)",
					"@executable_path/Frameworks",
				);
				MARKETING_VERSION = 1.0;
				PRODUCT_BUNDLE_IDENTIFIER = design.boringboring.echopoc;
				PRODUCT_NAME = "$(TARGET_NAME)";
				SWIFT_EMIT_LOC_STRINGS = YES;
				SWIFT_VERSION = 5.0;
				TARGETED_DEVICE_FAMILY = "1,2";
			};
			name = Release;
		};
/* End XCBuildConfiguration section */

/* Begin XCConfigurationList section */
		AA000070 /* Build configuration list for PBXNativeTarget "EchoPOC" */ = {
			isa = XCConfigurationList;
			buildConfigurations = (
				AA0000B0 /* Debug */,
				AA0000B1 /* Release */,
			);
			defaultConfigurationIsVisible = 0;
			defaultConfigurationName = Release;
		};
		AA000090 /* Build configuration list for PBXProject "EchoPOC" */ = {
			isa = XCConfigurationList;
			buildConfigurations = (
				AA0000A0 /* Debug */,
				AA0000A1 /* Release */,
			);
			defaultConfigurationIsVisible = 0;
			defaultConfigurationName = Release;
		};
/* End XCConfigurationList section */

/* Begin XCRemoteSwiftPackageReference section */
		BB000030 /* XCRemoteSwiftPackageReference "TDLibKit" */ = {
			isa = XCRemoteSwiftPackageReference;
			repositoryURL = "https://github.com/Swiftgram/TDLibKit.git";
			requirement = {
				kind = exactVersion;
				version = "1.5.2-tdlib-1.8.62-0ae923c4";
			};
		};
/* End XCRemoteSwiftPackageReference section */

/* Begin XCSwiftPackageProductDependency section */
		BB000020 /* TDLibKit */ = {
			isa = XCSwiftPackageProductDependency;
			package = BB000030 /* XCRemoteSwiftPackageReference "TDLibKit" */;
			productName = TDLibKit;
		};
/* End XCSwiftPackageProductDependency section */
	};
	rootObject = AA000080 /* Project object */;
}
